
Microsoft Visual Studio Solution File, Format Version 12.00
# Visual Studio Version 17
VisualStudioVersion = 17.2.32519.379
MinimumVisualStudioVersion = 10.0.40219.1
Project("{9A19103F-16F7-4668-BE54-9A1E7A4F7556}") = "DDD.Services", "DDD\DDD.Services.csproj", "{F10058BE-C273-4738-8778-E21B286CD5FB}"
EndProject
Project("{9A19103F-16F7-4668-BE54-9A1E7A4F7556}") = "DDD.Application", "DDD.Services\DDD.Application.csproj", "{9B899192-306C-44BD-8F0C-8A730304BB66}"
EndProject
Project("{9A19103F-16F7-4668-BE54-9A1E7A4F7556}") = "DDD.Domain", "DDD.Dominio\DDD.Domain.csproj", "{679AC580-F1DB-49E3-B594-0C4584231D0B}"
EndProject
Project("{9A19103F-16F7-4668-BE54-9A1E7A4F7556}") = "DDD.Infrastructure", "DDD.Infraestrutura\DDD.Infrastructure.csproj", "{AE30FBA9-7553-434C-AD2E-DA931123DA76}"
EndProject
Project("{E53339B2-1760-4266-BCC7-CA923CBCF16C}") = "docker-compose", "docker-compose.dcproj", "{FBC0F1D3-6533-4A41-A5FC-6D1AF7E9BB1B}"
EndProject
Global
	GlobalSection(SolutionConfigurationPlatforms) = preSolution
		Debug|Any CPU = Debug|Any CPU
		Release|Any CPU = Release|Any CPU
	EndGlobalSection
	GlobalSection(ProjectConfigurationPlatforms) = postSolution
		{F10058BE-C273-4738-8778-E21B286CD5FB}.Debug|Any CPU.ActiveCfg = Debug|Any CPU
		{F10058BE-C273-4738-8778-E21B286CD5FB}.Debug|Any CPU.Build.0 = Debug|Any CPU
		{F10058BE-C273-4738-8778-E21B286CD5FB}.Release|Any CPU.ActiveCfg = Release|Any CPU
		{F10058BE-C273-4738-8778-E21B286CD5FB}.Release|Any CPU.Build.0 = Release|Any CPU
		{9B899192-306C-44BD-8F0C-8A730304BB66}.Debug|Any CPU.ActiveCfg = Debug|Any CPU
		{9B899192-306C-44BD-8F0C-8A730304BB66}.Debug|Any CPU.Build.0 = Debug|Any CPU
		{9B899192-306C-44BD-8F0C-8A730304BB66}.Release|Any CPU.ActiveCfg = Release|Any CPU
		{9B899192-306C-44BD-8F0C-8A730304BB66}.Release|Any CPU.Build.0 = Release|Any CPU
		{679AC580-F1DB-49E3-B594-0C4584231D0B}.Debug|Any CPU.ActiveCfg = Debug|Any CPU
		{679AC580-F1DB-49E3-B594-0C4584231D0B}.Debug|Any CPU.Build.0 = Debug|Any CPU
		{679AC580-F1DB-49E3-B594-0C4584231D0B}.Release|Any CPU.ActiveCfg = Release|Any CPU
		{679AC580-F1DB-49E3-B594-0C4584231D0B}.Release|Any CPU.Build.0 = Release|Any CPU
		{AE30FBA9-7553-434C-AD2E-DA931123DA76}.Debug|Any CPU.ActiveCfg = Debug|Any CPU
		{AE30FBA9-7553-434C-AD2E-DA931123DA76}.Debug|Any CPU.Build.0 = Debug|Any CPU
		{AE30FBA9-7553-434C-AD2E-DA931123DA76}.Release|Any CPU.ActiveCfg = Release|Any CPU
		{AE30FBA9-7553-434C-AD2E-DA931123DA76}.Release|Any CPU.Build.0 = Release|Any CPU
		{FBC0F1D3-6533-4A41-A5FC-6D1AF7E9BB1B}.Debug|Any CPU.ActiveCfg = Debug|Any CPU
		{FBC0F1D3-6533-4A41-A5FC-6D1AF7E9BB1B}.Debug|Any CPU.Build.0 = Debug|Any CPU
		{FBC0F1D3-6533-4A41-A5FC-6D1AF7E9BB1B}.Release|Any CPU.ActiveCfg = Release|Any CPU
		{FBC0F1D3-6533-4A41-A5FC-6D1AF7E9BB1B}.Release|Any CPU.Build.0 = Release|Any CPU
	EndGlobalSection
	GlobalSection(SolutionProperties) = preSolution
		HideSolutionNode = FALSE
	EndGlobalSection
	GlobalSection(ExtensibilityGlobals) = postSolution
		SolutionGuid = {E7BBE54D-5DF8-4E67-A3D7-C79F09AB6373}
	EndGlobalSection
EndGlobal
